
Microsoft Visual Studio Solution File, Format Version 12.00
# Visual Studio 15
VisualStudioVersion = 15.0.28307.421
MinimumVisualStudioVersion = 10.0.40219.1
Project("{FAE04EC0-301F-11D3-BF4B-00C04F79EFBC}") = "WpfDailyPlanner", "WpfDailyPlanner\WpfDailyPlanner.csproj", "{E0E81075-FD8A-4E8F-8184-EF30F82FA007}"
EndProject
Project("{FAE04EC0-301F-11D3-BF4B-00C04F79EFBC}") = "WcfService", "WcfService\WcfService.csproj", "{D0CE2DB2-F01C-44CE-B9A1-29FDCB37D08B}"
EndProject
Global
	GlobalSection(SolutionConfigurationPlatforms) = preSolution
		Debug|Any CPU = Debug|Any CPU
		Release|Any CPU = Release|Any CPU
	EndGlobalSection
	GlobalSection(ProjectConfigurationPlatforms) = postSolution
		{E0E81075-FD8A-4E8F-8184-EF30F82FA007}.Debug|Any CPU.ActiveCfg = Debug|Any CPU
		{E0E81075-FD8A-4E8F-8184-EF30F82FA007}.Debug|Any CPU.Build.0 = Debug|Any CPU
		{E0E81075-FD8A-4E8F-8184-EF30F82FA007}.Release|Any CPU.ActiveCfg = Release|Any CPU
		{E0E81075-FD8A-4E8F-8184-EF30F82FA007}.Release|Any CPU.Build.0 = Release|Any CPU
		{D0CE2DB2-F01C-44CE-B9A1-29FDCB37D08B}.Debug|Any CPU.ActiveCfg = Debug|Any CPU
		{D0CE2DB2-F01C-44CE-B9A1-29FDCB37D08B}.Debug|Any CPU.Build.0 = Debug|Any CPU
		{D0CE2DB2-F01C-44CE-B9A1-29FDCB37D08B}.Release|Any CPU.ActiveCfg = Release|Any CPU
		{D0CE2DB2-F01C-44CE-B9A1-29FDCB37D08B}.Release|Any CPU.Build.0 = Release|Any CPU
	EndGlobalSection
	GlobalSection(SolutionProperties) = preSolution
		HideSolutionNode = FALSE
	EndGlobalSection
	GlobalSection(ExtensibilityGlobals) = postSolution
		SolutionGuid = {0A951D43-7EC5-4B7C-9E03-4E95D2D18E8C}
	EndGlobalSection
EndGlobal
